
Microsoft Visual Studio Solution File, Format Version 12.00
# Visual Studio Version 16
VisualStudioVersion = 16.0.31112.23
MinimumVisualStudioVersion = 10.0.40219.1
Project("{FAE04EC0-301F-11D3-BF4B-00C04F79EFBC}") = "Berkin", "Berkin\Berkin.csproj", "{CD7BEECE-25B8-46AC-825C-917DADBD1207}"
EndProject
Global
	GlobalSection(SolutionConfigurationPlatforms) = preSolution
		Debug|Any CPU = Debug|Any CPU
		Release|Any CPU = Release|Any CPU
	EndGlobalSection
	GlobalSection(ProjectConfigurationPlatforms) = postSolution
		{CD7BEECE-25B8-46AC-825C-917DADBD1207}.Debug|Any CPU.ActiveCfg = Debug|Any CPU
		{CD7BEECE-25B8-46AC-825C-917DADBD1207}.Debug|Any CPU.Build.0 = Debug|Any CPU
		{CD7BEECE-25B8-46AC-825C-917DADBD1207}.Release|Any CPU.ActiveCfg = Release|Any CPU
		{CD7BEECE-25B8-46AC-825C-917DADBD1207}.Release|Any CPU.Build.0 = Release|Any CPU
	EndGlobalSection
	GlobalSection(SolutionProperties) = preSolution
		HideSolutionNode = FALSE
	EndGlobalSection
	GlobalSection(ExtensibilityGlobals) = postSolution
		SolutionGuid = {82B2768A-9D38-4EDC-B4F3-D629069CCB15}
	EndGlobalSection
EndGlobal
