
Microsoft Visual Studio Solution File, Format Version 12.00
# Visual Studio Version 16
VisualStudioVersion = 16.0.28922.388
MinimumVisualStudioVersion = 10.0.40219.1
Project("{FAE04EC0-301F-11D3-BF4B-00C04F79EFBC}") = "WindowsFormsApp6", "WindowsFormsApp6.csproj", "{E6874C96-36D9-4A58-AE38-7622E6E10335}"
EndProject
Global
	GlobalSection(SolutionConfigurationPlatforms) = preSolution
		Debug|Any CPU = Debug|Any CPU
		Release|Any CPU = Release|Any CPU
	EndGlobalSection
	GlobalSection(ProjectConfigurationPlatforms) = postSolution
		{E6874C96-36D9-4A58-AE38-7622E6E10335}.Debug|Any CPU.ActiveCfg = Debug|Any CPU
		{E6874C96-36D9-4A58-AE38-7622E6E10335}.Debug|Any CPU.Build.0 = Debug|Any CPU
		{E6874C96-36D9-4A58-AE38-7622E6E10335}.Release|Any CPU.ActiveCfg = Release|Any CPU
		{E6874C96-36D9-4A58-AE38-7622E6E10335}.Release|Any CPU.Build.0 = Release|Any CPU
	EndGlobalSection
	GlobalSection(SolutionProperties) = preSolution
		HideSolutionNode = FALSE
	EndGlobalSection
	GlobalSection(ExtensibilityGlobals) = postSolution
		SolutionGuid = {C6D3C35B-BE65-460A-95C8-23A7150830FE}
	EndGlobalSection
EndGlobal
