
Microsoft Visual Studio Solution File, Format Version 12.00
# Visual Studio Version 16
VisualStudioVersion = 16.0.28922.388
MinimumVisualStudioVersion = 10.0.40219.1
Project("{FAE04EC0-301F-11D3-BF4B-00C04F79EFBC}") = "Inheritance-Temperature", "Inheritance-Temperature.csproj", "{E836012D-8034-404E-8DBC-1B078267EFA0}"
EndProject
Global
	GlobalSection(SolutionConfigurationPlatforms) = preSolution
		Debug|Any CPU = Debug|Any CPU
		Release|Any CPU = Release|Any CPU
	EndGlobalSection
	GlobalSection(ProjectConfigurationPlatforms) = postSolution
		{E836012D-8034-404E-8DBC-1B078267EFA0}.Debug|Any CPU.ActiveCfg = Debug|Any CPU
		{E836012D-8034-404E-8DBC-1B078267EFA0}.Debug|Any CPU.Build.0 = Debug|Any CPU
		{E836012D-8034-404E-8DBC-1B078267EFA0}.Release|Any CPU.ActiveCfg = Release|Any CPU
		{E836012D-8034-404E-8DBC-1B078267EFA0}.Release|Any CPU.Build.0 = Release|Any CPU
	EndGlobalSection
	GlobalSection(SolutionProperties) = preSolution
		HideSolutionNode = FALSE
	EndGlobalSection
	GlobalSection(ExtensibilityGlobals) = postSolution
		SolutionGuid = {7CB87CF3-88EA-4764-86A4-6F1E562ACE5D}
	EndGlobalSection
EndGlobal
