
Microsoft Visual Studio Solution File, Format Version 12.00
# Visual Studio Version 16
VisualStudioVersion = 16.0.28922.388
MinimumVisualStudioVersion = 10.0.40219.1
Project("{FAE04EC0-301F-11D3-BF4B-00C04F79EFBC}") = "WindowsFormsApp2", "WindowsFormsApp2.csproj", "{245AE1AF-5284-40DC-BB50-8E56DABB6821}"
EndProject
Global
	GlobalSection(SolutionConfigurationPlatforms) = preSolution
		Debug|Any CPU = Debug|Any CPU
		Release|Any CPU = Release|Any CPU
	EndGlobalSection
	GlobalSection(ProjectConfigurationPlatforms) = postSolution
		{245AE1AF-5284-40DC-BB50-8E56DABB6821}.Debug|Any CPU.ActiveCfg = Debug|Any CPU
		{245AE1AF-5284-40DC-BB50-8E56DABB6821}.Debug|Any CPU.Build.0 = Debug|Any CPU
		{245AE1AF-5284-40DC-BB50-8E56DABB6821}.Release|Any CPU.ActiveCfg = Release|Any CPU
		{245AE1AF-5284-40DC-BB50-8E56DABB6821}.Release|Any CPU.Build.0 = Release|Any CPU
	EndGlobalSection
	GlobalSection(SolutionProperties) = preSolution
		HideSolutionNode = FALSE
	EndGlobalSection
	GlobalSection(ExtensibilityGlobals) = postSolution
		SolutionGuid = {126F84C6-46B6-49D1-A84B-D3A8BBB31CE5}
	EndGlobalSection
EndGlobal
