
Microsoft Visual Studio Solution File, Format Version 12.00
# Visual Studio Version 16
VisualStudioVersion = 16.0.28922.388
MinimumVisualStudioVersion = 10.0.40219.1
Project("{FAE04EC0-301F-11D3-BF4B-00C04F79EFBC}") = "WindowsFormsApp5", "WindowsFormsApp5.csproj", "{4204C655-0BE9-402A-9BB3-CA2F00442B63}"
EndProject
Global
	GlobalSection(SolutionConfigurationPlatforms) = preSolution
		Debug|Any CPU = Debug|Any CPU
		Release|Any CPU = Release|Any CPU
	EndGlobalSection
	GlobalSection(ProjectConfigurationPlatforms) = postSolution
		{4204C655-0BE9-402A-9BB3-CA2F00442B63}.Debug|Any CPU.ActiveCfg = Debug|Any CPU
		{4204C655-0BE9-402A-9BB3-CA2F00442B63}.Debug|Any CPU.Build.0 = Debug|Any CPU
		{4204C655-0BE9-402A-9BB3-CA2F00442B63}.Release|Any CPU.ActiveCfg = Release|Any CPU
		{4204C655-0BE9-402A-9BB3-CA2F00442B63}.Release|Any CPU.Build.0 = Release|Any CPU
	EndGlobalSection
	GlobalSection(SolutionProperties) = preSolution
		HideSolutionNode = FALSE
	EndGlobalSection
	GlobalSection(ExtensibilityGlobals) = postSolution
		SolutionGuid = {860EA076-265C-4B83-B0E2-B604B7B4AB64}
	EndGlobalSection
EndGlobal
